
Microsoft Visual Studio Solution File, Format Version 12.00
# Visual Studio Version 16
VisualStudioVersion = 16.0.31005.135
MinimumVisualStudioVersion = 10.0.40219.1
Project("{FAE04EC0-301F-11D3-BF4B-00C04F79EFBC}") = "AddressTest0218", "AdressTest0218\AddressTest0218.csproj", "{6B01BB52-D559-49AA-A65A-206785EE7FA3}"
EndProject
Global
	GlobalSection(SolutionConfigurationPlatforms) = preSolution
		Debug|Any CPU = Debug|Any CPU
		Release|Any CPU = Release|Any CPU
	EndGlobalSection
	GlobalSection(ProjectConfigurationPlatforms) = postSolution
		{6B01BB52-D559-49AA-A65A-206785EE7FA3}.Debug|Any CPU.ActiveCfg = Debug|Any CPU
		{6B01BB52-D559-49AA-A65A-206785EE7FA3}.Debug|Any CPU.Build.0 = Debug|Any CPU
		{6B01BB52-D559-49AA-A65A-206785EE7FA3}.Release|Any CPU.ActiveCfg = Release|Any CPU
		{6B01BB52-D559-49AA-A65A-206785EE7FA3}.Release|Any CPU.Build.0 = Release|Any CPU
	EndGlobalSection
	GlobalSection(SolutionProperties) = preSolution
		HideSolutionNode = FALSE
	EndGlobalSection
	GlobalSection(ExtensibilityGlobals) = postSolution
		SolutionGuid = {223FF29C-46C1-48B5-B0AF-1E12EF89F016}
	EndGlobalSection
EndGlobal
