
Microsoft Visual Studio Solution File, Format Version 12.00
# Visual Studio Version 16
VisualStudioVersion = 16.0.31005.135
MinimumVisualStudioVersion = 10.0.40219.1
Project("{FAE04EC0-301F-11D3-BF4B-00C04F79EFBC}") = "WindowsFormsApp0413", "WindowsFormsApp0413\WindowsFormsApp0413.csproj", "{6AED304D-AEC7-4B11-BA7C-C91B8FBBFE01}"
EndProject
Global
	GlobalSection(SolutionConfigurationPlatforms) = preSolution
		Debug|Any CPU = Debug|Any CPU
		Release|Any CPU = Release|Any CPU
	EndGlobalSection
	GlobalSection(ProjectConfigurationPlatforms) = postSolution
		{6AED304D-AEC7-4B11-BA7C-C91B8FBBFE01}.Debug|Any CPU.ActiveCfg = Debug|Any CPU
		{6AED304D-AEC7-4B11-BA7C-C91B8FBBFE01}.Debug|Any CPU.Build.0 = Debug|Any CPU
		{6AED304D-AEC7-4B11-BA7C-C91B8FBBFE01}.Release|Any CPU.ActiveCfg = Release|Any CPU
		{6AED304D-AEC7-4B11-BA7C-C91B8FBBFE01}.Release|Any CPU.Build.0 = Release|Any CPU
	EndGlobalSection
	GlobalSection(SolutionProperties) = preSolution
		HideSolutionNode = FALSE
	EndGlobalSection
	GlobalSection(ExtensibilityGlobals) = postSolution
		SolutionGuid = {85CF1F2F-79B0-4BD1-B85A-B6A7FB0F23C3}
	EndGlobalSection
EndGlobal
