
Microsoft Visual Studio Solution File, Format Version 12.00
# Visual Studio Version 16
VisualStudioVersion = 16.0.31005.135
MinimumVisualStudioVersion = 10.0.40219.1
Project("{FAE04EC0-301F-11D3-BF4B-00C04F79EFBC}") = "NumberCheck", "NumberCheck\NumberCheck.csproj", "{86B401F2-5DF6-4688-8DEA-902BB66BFDE3}"
EndProject
Global
	GlobalSection(SolutionConfigurationPlatforms) = preSolution
		Debug|Any CPU = Debug|Any CPU
		Release|Any CPU = Release|Any CPU
	EndGlobalSection
	GlobalSection(ProjectConfigurationPlatforms) = postSolution
		{86B401F2-5DF6-4688-8DEA-902BB66BFDE3}.Debug|Any CPU.ActiveCfg = Debug|Any CPU
		{86B401F2-5DF6-4688-8DEA-902BB66BFDE3}.Debug|Any CPU.Build.0 = Debug|Any CPU
		{86B401F2-5DF6-4688-8DEA-902BB66BFDE3}.Release|Any CPU.ActiveCfg = Release|Any CPU
		{86B401F2-5DF6-4688-8DEA-902BB66BFDE3}.Release|Any CPU.Build.0 = Release|Any CPU
	EndGlobalSection
	GlobalSection(SolutionProperties) = preSolution
		HideSolutionNode = FALSE
	EndGlobalSection
	GlobalSection(ExtensibilityGlobals) = postSolution
		SolutionGuid = {8867FB39-461B-4B5D-AB75-816D89489870}
	EndGlobalSection
EndGlobal
