
Microsoft Visual Studio Solution File, Format Version 12.00
# Visual Studio Version 16
VisualStudioVersion = 16.0.31005.135
MinimumVisualStudioVersion = 10.0.40219.1
Project("{FAE04EC0-301F-11D3-BF4B-00C04F79EFBC}") = "Chapter05_2", "Chapter05_2\Chapter05_2.csproj", "{98E54236-EF85-4335-9760-11BE373885B3}"
EndProject
Global
	GlobalSection(SolutionConfigurationPlatforms) = preSolution
		Debug|Any CPU = Debug|Any CPU
		Release|Any CPU = Release|Any CPU
	EndGlobalSection
	GlobalSection(ProjectConfigurationPlatforms) = postSolution
		{98E54236-EF85-4335-9760-11BE373885B3}.Debug|Any CPU.ActiveCfg = Debug|Any CPU
		{98E54236-EF85-4335-9760-11BE373885B3}.Debug|Any CPU.Build.0 = Debug|Any CPU
		{98E54236-EF85-4335-9760-11BE373885B3}.Release|Any CPU.ActiveCfg = Release|Any CPU
		{98E54236-EF85-4335-9760-11BE373885B3}.Release|Any CPU.Build.0 = Release|Any CPU
	EndGlobalSection
	GlobalSection(SolutionProperties) = preSolution
		HideSolutionNode = FALSE
	EndGlobalSection
	GlobalSection(ExtensibilityGlobals) = postSolution
		SolutionGuid = {38E729F0-2C14-4207-A727-65FD03AA3DCB}
	EndGlobalSection
EndGlobal
