
Microsoft Visual Studio Solution File, Format Version 12.00
# Visual Studio Version 16
VisualStudioVersion = 16.0.30717.126
MinimumVisualStudioVersion = 10.0.40219.1
Project("{FAE04EC0-301F-11D3-BF4B-00C04F79EFBC}") = "Test1211", "Test1211\Test1211.csproj", "{5EFDAC24-4AF5-439B-8AB2-A64CB82269CF}"
EndProject
Global
	GlobalSection(SolutionConfigurationPlatforms) = preSolution
		Debug|Any CPU = Debug|Any CPU
		Release|Any CPU = Release|Any CPU
	EndGlobalSection
	GlobalSection(ProjectConfigurationPlatforms) = postSolution
		{5EFDAC24-4AF5-439B-8AB2-A64CB82269CF}.Debug|Any CPU.ActiveCfg = Debug|Any CPU
		{5EFDAC24-4AF5-439B-8AB2-A64CB82269CF}.Debug|Any CPU.Build.0 = Debug|Any CPU
		{5EFDAC24-4AF5-439B-8AB2-A64CB82269CF}.Release|Any CPU.ActiveCfg = Release|Any CPU
		{5EFDAC24-4AF5-439B-8AB2-A64CB82269CF}.Release|Any CPU.Build.0 = Release|Any CPU
	EndGlobalSection
	GlobalSection(SolutionProperties) = preSolution
		HideSolutionNode = FALSE
	EndGlobalSection
	GlobalSection(ExtensibilityGlobals) = postSolution
		SolutionGuid = {A3C3FC44-B8C6-458B-B9E7-FA904607178A}
	EndGlobalSection
EndGlobal
