
Microsoft Visual Studio Solution File, Format Version 12.00
# Visual Studio Version 16
VisualStudioVersion = 16.0.31005.135
MinimumVisualStudioVersion = 10.0.40219.1
Project("{FAE04EC0-301F-11D3-BF4B-00C04F79EFBC}") = "WindowsFormsApp0412_2", "WindowsFormsApp0412_2\WindowsFormsApp0412_2.csproj", "{C21D2763-EE51-42E5-BB8B-4094A9146AB6}"
EndProject
Global
	GlobalSection(SolutionConfigurationPlatforms) = preSolution
		Debug|Any CPU = Debug|Any CPU
		Release|Any CPU = Release|Any CPU
	EndGlobalSection
	GlobalSection(ProjectConfigurationPlatforms) = postSolution
		{C21D2763-EE51-42E5-BB8B-4094A9146AB6}.Debug|Any CPU.ActiveCfg = Debug|Any CPU
		{C21D2763-EE51-42E5-BB8B-4094A9146AB6}.Debug|Any CPU.Build.0 = Debug|Any CPU
		{C21D2763-EE51-42E5-BB8B-4094A9146AB6}.Release|Any CPU.ActiveCfg = Release|Any CPU
		{C21D2763-EE51-42E5-BB8B-4094A9146AB6}.Release|Any CPU.Build.0 = Release|Any CPU
	EndGlobalSection
	GlobalSection(SolutionProperties) = preSolution
		HideSolutionNode = FALSE
	EndGlobalSection
	GlobalSection(ExtensibilityGlobals) = postSolution
		SolutionGuid = {826D9F62-BB00-49EA-89F3-8B4B29BA64F2}
	EndGlobalSection
EndGlobal
