
Microsoft Visual Studio Solution File, Format Version 12.00
# Visual Studio Version 16
VisualStudioVersion = 16.0.30717.126
MinimumVisualStudioVersion = 10.0.40219.1
Project("{FAE04EC0-301F-11D3-BF4B-00C04F79EFBC}") = "WindowsFormsApp3", "WindowsFormsApp3\WindowsFormsApp3.csproj", "{DB9EC398-18BD-49E3-827B-5C881267341F}"
EndProject
Global
	GlobalSection(SolutionConfigurationPlatforms) = preSolution
		Debug|Any CPU = Debug|Any CPU
		Release|Any CPU = Release|Any CPU
	EndGlobalSection
	GlobalSection(ProjectConfigurationPlatforms) = postSolution
		{DB9EC398-18BD-49E3-827B-5C881267341F}.Debug|Any CPU.ActiveCfg = Debug|Any CPU
		{DB9EC398-18BD-49E3-827B-5C881267341F}.Debug|Any CPU.Build.0 = Debug|Any CPU
		{DB9EC398-18BD-49E3-827B-5C881267341F}.Release|Any CPU.ActiveCfg = Release|Any CPU
		{DB9EC398-18BD-49E3-827B-5C881267341F}.Release|Any CPU.Build.0 = Release|Any CPU
	EndGlobalSection
	GlobalSection(SolutionProperties) = preSolution
		HideSolutionNode = FALSE
	EndGlobalSection
	GlobalSection(ExtensibilityGlobals) = postSolution
		SolutionGuid = {63CBB585-0113-4D44-B0D9-CC5AB4DA3125}
	EndGlobalSection
EndGlobal
