
Microsoft Visual Studio Solution File, Format Version 12.00
# Visual Studio Version 16
VisualStudioVersion = 16.0.31025.194
MinimumVisualStudioVersion = 10.0.40219.1
Project("{FAE04EC0-301F-11D3-BF4B-00C04F79EFBC}") = "UPbitMonitoring", "UPbitMonitoring\UPbitMonitoring.csproj", "{E3F4AAC9-56AD-4CAC-80C6-E85D8FF93942}"
EndProject
Global
	GlobalSection(SolutionConfigurationPlatforms) = preSolution
		Debug|Any CPU = Debug|Any CPU
		Release|Any CPU = Release|Any CPU
	EndGlobalSection
	GlobalSection(ProjectConfigurationPlatforms) = postSolution
		{E3F4AAC9-56AD-4CAC-80C6-E85D8FF93942}.Debug|Any CPU.ActiveCfg = Debug|Any CPU
		{E3F4AAC9-56AD-4CAC-80C6-E85D8FF93942}.Debug|Any CPU.Build.0 = Debug|Any CPU
		{E3F4AAC9-56AD-4CAC-80C6-E85D8FF93942}.Release|Any CPU.ActiveCfg = Release|Any CPU
		{E3F4AAC9-56AD-4CAC-80C6-E85D8FF93942}.Release|Any CPU.Build.0 = Release|Any CPU
	EndGlobalSection
	GlobalSection(SolutionProperties) = preSolution
		HideSolutionNode = FALSE
	EndGlobalSection
	GlobalSection(ExtensibilityGlobals) = postSolution
		SolutionGuid = {923FD1DD-AED8-428C-A391-17F6791243EA}
	EndGlobalSection
EndGlobal
